
Microsoft Visual Studio Solution File, Format Version 12.00
# Visual Studio Version 16
VisualStudioVersion = 16.0.28531.58
MinimumVisualStudioVersion = 10.0.40219.1
Project("{FAE04EC0-301F-11D3-BF4B-00C04F79EFBC}") = "PairSumAlgorithm", "PairSumAlgorithm\PairSumAlgorithm.csproj", "{6CFFAA25-2193-45D7-8BFD-22C2FAEBF0BB}"
EndProject
Global
	GlobalSection(SolutionConfigurationPlatforms) = preSolution
		Debug|Any CPU = Debug|Any CPU
		Release|Any CPU = Release|Any CPU
	EndGlobalSection
	GlobalSection(ProjectConfigurationPlatforms) = postSolution
		{6CFFAA25-2193-45D7-8BFD-22C2FAEBF0BB}.Debug|Any CPU.ActiveCfg = Debug|Any CPU
		{6CFFAA25-2193-45D7-8BFD-22C2FAEBF0BB}.Debug|Any CPU.Build.0 = Debug|Any CPU
		{6CFFAA25-2193-45D7-8BFD-22C2FAEBF0BB}.Release|Any CPU.ActiveCfg = Release|Any CPU
		{6CFFAA25-2193-45D7-8BFD-22C2FAEBF0BB}.Release|Any CPU.Build.0 = Release|Any CPU
	EndGlobalSection
	GlobalSection(SolutionProperties) = preSolution
		HideSolutionNode = FALSE
	EndGlobalSection
	GlobalSection(ExtensibilityGlobals) = postSolution
		SolutionGuid = {61A994BB-11BF-4018-99F2-76E44B685047}
	EndGlobalSection
EndGlobal
