
Microsoft Visual Studio Solution File, Format Version 12.00
# Visual Studio Version 16
VisualStudioVersion = 16.0.28606.126
MinimumVisualStudioVersion = 10.0.40219.1
Project("{FAE04EC0-301F-11D3-BF4B-00C04F79EFBC}") = "Lab2S2", "Lab2S2\Lab2S2.csproj", "{9848C29C-6146-48CD-98FD-A382A68D2D84}"
EndProject
Global
	GlobalSection(SolutionConfigurationPlatforms) = preSolution
		Debug|Any CPU = Debug|Any CPU
		Release|Any CPU = Release|Any CPU
	EndGlobalSection
	GlobalSection(ProjectConfigurationPlatforms) = postSolution
		{9848C29C-6146-48CD-98FD-A382A68D2D84}.Debug|Any CPU.ActiveCfg = Debug|Any CPU
		{9848C29C-6146-48CD-98FD-A382A68D2D84}.Debug|Any CPU.Build.0 = Debug|Any CPU
		{9848C29C-6146-48CD-98FD-A382A68D2D84}.Release|Any CPU.ActiveCfg = Release|Any CPU
		{9848C29C-6146-48CD-98FD-A382A68D2D84}.Release|Any CPU.Build.0 = Release|Any CPU
	EndGlobalSection
	GlobalSection(SolutionProperties) = preSolution
		HideSolutionNode = FALSE
	EndGlobalSection
	GlobalSection(ExtensibilityGlobals) = postSolution
		SolutionGuid = {3C367705-66A8-456F-A621-938AAE266CA3}
	EndGlobalSection
EndGlobal
