
Microsoft Visual Studio Solution File, Format Version 12.00
# Visual Studio Version 16
VisualStudioVersion = 16.0.28711.60
MinimumVisualStudioVersion = 10.0.40219.1
Project("{9A19103F-16F7-4668-BE54-9A1E7A4F7556}") = "LAB3S3", "LAB3S3\LAB3S3.csproj", "{16C3A65D-AB11-4585-970F-EFCA3E573596}"
EndProject
Project("{FAE04EC0-301F-11D3-BF4B-00C04F79EFBC}") = "LabTest", "LabTest\LabTest.csproj", "{2315F9E7-6013-4B91-9707-1631E1A01254}"
EndProject
Global
	GlobalSection(SolutionConfigurationPlatforms) = preSolution
		Debug|Any CPU = Debug|Any CPU
		Release|Any CPU = Release|Any CPU
	EndGlobalSection
	GlobalSection(ProjectConfigurationPlatforms) = postSolution
		{16C3A65D-AB11-4585-970F-EFCA3E573596}.Debug|Any CPU.ActiveCfg = Debug|Any CPU
		{16C3A65D-AB11-4585-970F-EFCA3E573596}.Debug|Any CPU.Build.0 = Debug|Any CPU
		{16C3A65D-AB11-4585-970F-EFCA3E573596}.Release|Any CPU.ActiveCfg = Release|Any CPU
		{16C3A65D-AB11-4585-970F-EFCA3E573596}.Release|Any CPU.Build.0 = Release|Any CPU
		{2315F9E7-6013-4B91-9707-1631E1A01254}.Debug|Any CPU.ActiveCfg = Debug|Any CPU
		{2315F9E7-6013-4B91-9707-1631E1A01254}.Debug|Any CPU.Build.0 = Debug|Any CPU
		{2315F9E7-6013-4B91-9707-1631E1A01254}.Release|Any CPU.ActiveCfg = Release|Any CPU
		{2315F9E7-6013-4B91-9707-1631E1A01254}.Release|Any CPU.Build.0 = Release|Any CPU
	EndGlobalSection
	GlobalSection(SolutionProperties) = preSolution
		HideSolutionNode = FALSE
	EndGlobalSection
	GlobalSection(ExtensibilityGlobals) = postSolution
		SolutionGuid = {233844BD-4AF3-4647-8BDE-1B7B14DFA798}
	EndGlobalSection
EndGlobal
